// !$*UTF8*$!
{
	archiveVersion = 1;
	classes = {
	};
	objectVersion = 51;
	objects = {

/* Begin PBXBuildFile section */
		32C9D06893C3058F3D339D10 /* Pods_foodHub.framework in Frameworks */ = {isa = PBXBuildFile; fileRef = DD7AF2D6EC259279821F3603 /* Pods_foodHub.framework */; };
		5CDB56FAAF028856CAD60BE7 /* Pods_foodHub_foodHubUITests.framework in Frameworks */ = {isa = PBXBuildFile; fileRef = 5C2A99504108F76922582649 /* Pods_foodHub_foodHubUITests.framework */; };
		8C19DBFB23F895DC004F1380 /* AppDelegate.swift in Sources */ = {isa = PBXBuildFile; fileRef = 8C19DBFA23F895DC004F1380 /* AppDelegate.swift */; };
		8C19DBFD23F895DC004F1380 /* SceneDelegate.swift in Sources */ = {isa = PBXBuildFile; fileRef = 8C19DBFC23F895DC004F1380 /* SceneDelegate.swift */; };
		8C19DBFF23F895DC004F1380 /* ContentView.swift in Sources */ = {isa = PBXBuildFile; fileRef = 8C19DBFE23F895DC004F1380 /* ContentView.swift */; };
		8C19DC0123F895E0004F1380 /* Assets.xcassets in Resources */ = {isa = PBXBuildFile; fileRef = 8C19DC0023F895E0004F1380 /* Assets.xcassets */; };
		8C19DC0423F895E0004F1380 /* Preview Assets.xcassets in Resources */ = {isa = PBXBuildFile; fileRef = 8C19DC0323F895E0004F1380 /* Preview Assets.xcassets */; };
		8C19DC0723F895E0004F1380 /* LaunchScreen.storyboard in Resources */ = {isa = PBXBuildFile; fileRef = 8C19DC0523F895E0004F1380 /* LaunchScreen.storyboard */; };
		8C19DC1223F895E0004F1380 /* foodHubTests.swift in Sources */ = {isa = PBXBuildFile; fileRef = 8C19DC1123F895E0004F1380 /* foodHubTests.swift */; };
		8C19DC1D23F895E0004F1380 /* foodHubUITests.swift in Sources */ = {isa = PBXBuildFile; fileRef = 8C19DC1C23F895E0004F1380 /* foodHubUITests.swift */; };
		8C4F11BF241450AC00541E5E /* FoodieUser.swift in Sources */ = {isa = PBXBuildFile; fileRef = 8C4F11BE241450AC00541E5E /* FoodieUser.swift */; };
		8C4F11C0241450AC00541E5E /* FoodieUser.swift in Sources */ = {isa = PBXBuildFile; fileRef = 8C4F11BE241450AC00541E5E /* FoodieUser.swift */; };
		8C4F11C1241450AC00541E5E /* FoodieUser.swift in Sources */ = {isa = PBXBuildFile; fileRef = 8C4F11BE241450AC00541E5E /* FoodieUser.swift */; };
		8C5B13BD2415A2C800A53689 /* CreateFoodieView.swift in Sources */ = {isa = PBXBuildFile; fileRef = 8C5B13BC2415A2C800A53689 /* CreateFoodieView.swift */; };
		8C5B13BE2415A2C800A53689 /* CreateFoodieView.swift in Sources */ = {isa = PBXBuildFile; fileRef = 8C5B13BC2415A2C800A53689 /* CreateFoodieView.swift */; };
		8C5B13BF2415A2C800A53689 /* CreateFoodieView.swift in Sources */ = {isa = PBXBuildFile; fileRef = 8C5B13BC2415A2C800A53689 /* CreateFoodieView.swift */; };
		8C802711240C3CB4001FD693 /* foodhub 200x200.png in Resources */ = {isa = PBXBuildFile; fileRef = 8C802710240C3CB4001FD693 /* foodhub 200x200.png */; };
		8C802712240C3CB4001FD693 /* foodhub 200x200.png in Resources */ = {isa = PBXBuildFile; fileRef = 8C802710240C3CB4001FD693 /* foodhub 200x200.png */; };
		8C802713240C3CB4001FD693 /* foodhub 200x200.png in Resources */ = {isa = PBXBuildFile; fileRef = 8C802710240C3CB4001FD693 /* foodhub 200x200.png */; };
		8C802716240C3EC1001FD693 /* foodhub-120x120.png in Resources */ = {isa = PBXBuildFile; fileRef = 8C802714240C3EC1001FD693 /* foodhub-120x120.png */; };
		8C802717240C3EC1001FD693 /* foodhub-120x120.png in Resources */ = {isa = PBXBuildFile; fileRef = 8C802714240C3EC1001FD693 /* foodhub-120x120.png */; };
		8C802718240C3EC1001FD693 /* foodhub-120x120.png in Resources */ = {isa = PBXBuildFile; fileRef = 8C802714240C3EC1001FD693 /* foodhub-120x120.png */; };
		8C802719240C3EC1001FD693 /* foodhub-180x180.png in Resources */ = {isa = PBXBuildFile; fileRef = 8C802715240C3EC1001FD693 /* foodhub-180x180.png */; };
		8C80271A240C3EC1001FD693 /* foodhub-180x180.png in Resources */ = {isa = PBXBuildFile; fileRef = 8C802715240C3EC1001FD693 /* foodhub-180x180.png */; };
		8C80271B240C3EC1001FD693 /* foodhub-180x180.png in Resources */ = {isa = PBXBuildFile; fileRef = 8C802715240C3EC1001FD693 /* foodhub-180x180.png */; };
		8C80271E240C410D001FD693 /* foodhub-80x80.png in Resources */ = {isa = PBXBuildFile; fileRef = 8C80271D240C410D001FD693 /* foodhub-80x80.png */; };
		8C80271F240C410D001FD693 /* foodhub-80x80.png in Resources */ = {isa = PBXBuildFile; fileRef = 8C80271D240C410D001FD693 /* foodhub-80x80.png */; };
		8C802720240C410D001FD693 /* foodhub-80x80.png in Resources */ = {isa = PBXBuildFile; fileRef = 8C80271D240C410D001FD693 /* foodhub-80x80.png */; };
		8C802722240C417C001FD693 /* foodhub-40x40.png in Resources */ = {isa = PBXBuildFile; fileRef = 8C802721240C417C001FD693 /* foodhub-40x40.png */; };
		8C802723240C417C001FD693 /* foodhub-40x40.png in Resources */ = {isa = PBXBuildFile; fileRef = 8C802721240C417C001FD693 /* foodhub-40x40.png */; };
		8C802724240C417C001FD693 /* foodhub-40x40.png in Resources */ = {isa = PBXBuildFile; fileRef = 8C802721240C417C001FD693 /* foodhub-40x40.png */; };
		8C802726240C41AD001FD693 /* foodhub-60x60.png in Resources */ = {isa = PBXBuildFile; fileRef = 8C802725240C41AD001FD693 /* foodhub-60x60.png */; };
		8C802727240C41AD001FD693 /* foodhub-60x60.png in Resources */ = {isa = PBXBuildFile; fileRef = 8C802725240C41AD001FD693 /* foodhub-60x60.png */; };
		8C802728240C41AD001FD693 /* foodhub-60x60.png in Resources */ = {isa = PBXBuildFile; fileRef = 8C802725240C41AD001FD693 /* foodhub-60x60.png */; };
		8C80272A240C41D3001FD693 /* foodhub-58x58.png in Resources */ = {isa = PBXBuildFile; fileRef = 8C802729240C41D3001FD693 /* foodhub-58x58.png */; };
		8C80272B240C41D3001FD693 /* foodhub-58x58.png in Resources */ = {isa = PBXBuildFile; fileRef = 8C802729240C41D3001FD693 /* foodhub-58x58.png */; };
		8C80272C240C41D3001FD693 /* foodhub-58x58.png in Resources */ = {isa = PBXBuildFile; fileRef = 8C802729240C41D3001FD693 /* foodhub-58x58.png */; };
		8C80272E240C41F4001FD693 /* foodhub-87x87.png in Resources */ = {isa = PBXBuildFile; fileRef = 8C80272D240C41F4001FD693 /* foodhub-87x87.png */; };
		8C80272F240C41F4001FD693 /* foodhub-87x87.png in Resources */ = {isa = PBXBuildFile; fileRef = 8C80272D240C41F4001FD693 /* foodhub-87x87.png */; };
		8C802730240C41F4001FD693 /* foodhub-87x87.png in Resources */ = {isa = PBXBuildFile; fileRef = 8C80272D240C41F4001FD693 /* foodhub-87x87.png */; };
		8C802732240C4378001FD693 /* foodhub-1024x1024.png in Resources */ = {isa = PBXBuildFile; fileRef = 8C802731240C4378001FD693 /* foodhub-1024x1024.png */; };
		8C802733240C4378001FD693 /* foodhub-1024x1024.png in Resources */ = {isa = PBXBuildFile; fileRef = 8C802731240C4378001FD693 /* foodhub-1024x1024.png */; };
		8C802734240C4378001FD693 /* foodhub-1024x1024.png in Resources */ = {isa = PBXBuildFile; fileRef = 8C802731240C4378001FD693 /* foodhub-1024x1024.png */; };
		8C802736240C4B58001FD693 /* EaterLandingView.swift in Sources */ = {isa = PBXBuildFile; fileRef = 8C802735240C4B58001FD693 /* EaterLandingView.swift */; };
		8C80273A240C4B6E001FD693 /* FoodieLandingView.swift in Sources */ = {isa = PBXBuildFile; fileRef = 8C802739240C4B6E001FD693 /* FoodieLandingView.swift */; };
		8CEB66D524131F9000E1DEBF /* EaterUser.swift in Sources */ = {isa = PBXBuildFile; fileRef = 8CEB66D424131F8F00E1DEBF /* EaterUser.swift */; };
		8CEB66D624131F9000E1DEBF /* EaterUser.swift in Sources */ = {isa = PBXBuildFile; fileRef = 8CEB66D424131F8F00E1DEBF /* EaterUser.swift */; };
		8CEB66D724131F9000E1DEBF /* EaterUser.swift in Sources */ = {isa = PBXBuildFile; fileRef = 8CEB66D424131F8F00E1DEBF /* EaterUser.swift */; };
		8CEB66DA24132BAB00E1DEBF /* CreateEaterView.swift in Sources */ = {isa = PBXBuildFile; fileRef = 8CEB66D924132BAB00E1DEBF /* CreateEaterView.swift */; };
		8CEB66DB24132BAB00E1DEBF /* CreateEaterView.swift in Sources */ = {isa = PBXBuildFile; fileRef = 8CEB66D924132BAB00E1DEBF /* CreateEaterView.swift */; };
		8CEB66DC24132BAB00E1DEBF /* CreateEaterView.swift in Sources */ = {isa = PBXBuildFile; fileRef = 8CEB66D924132BAB00E1DEBF /* CreateEaterView.swift */; };
		A064FF76E64D136C4FF7477A /* Pods_foodHubTests.framework in Frameworks */ = {isa = PBXBuildFile; fileRef = 2600E9BFAF29878334C84DF7 /* Pods_foodHubTests.framework */; };
		CD48A44124E4252A00445241 /* FoodieDetailView.swift in Sources */ = {isa = PBXBuildFile; fileRef = CD48A44024E4252A00445241 /* FoodieDetailView.swift */; };
		CD48A44224E4351E00445241 /* EaterLandingView.swift in Sources */ = {isa = PBXBuildFile; fileRef = 8C802735240C4B58001FD693 /* EaterLandingView.swift */; };
		CD48A44324E4351E00445241 /* EaterLandingView.swift in Sources */ = {isa = PBXBuildFile; fileRef = 8C802735240C4B58001FD693 /* EaterLandingView.swift */; };
		CD48A44524E435E100445241 /* EaterHomeView.swift in Sources */ = {isa = PBXBuildFile; fileRef = CD48A44424E435E100445241 /* EaterHomeView.swift */; };
		CD48A44724E436F200445241 /* ListFoodiesView.swift in Sources */ = {isa = PBXBuildFile; fileRef = CD48A44624E436F200445241 /* ListFoodiesView.swift */; };
		CD48A44924E4AFC400445241 /* FoodieHomeView.swift in Sources */ = {isa = PBXBuildFile; fileRef = CD48A44824E4AFC400445241 /* FoodieHomeView.swift */; };
		CD4F774224E6245D0014AC77 /* StoreInfoView.swift in Sources */ = {isa = PBXBuildFile; fileRef = CD4F774124E6245D0014AC77 /* StoreInfoView.swift */; };
		CD5489C024EB34B700164913 /* MenuItem.swift in Sources */ = {isa = PBXBuildFile; fileRef = CD5489BF24EB34B700164913 /* MenuItem.swift */; };
		CD5489C624EB771E00164913 /* MenuView.swift in Sources */ = {isa = PBXBuildFile; fileRef = CD5489C524EB771E00164913 /* MenuView.swift */; };
		CD5489CB24EC87E500164913 /* FirebaseCollection.swift in Sources */ = {isa = PBXBuildFile; fileRef = CD5489CA24EC87E500164913 /* FirebaseCollection.swift */; };
		CD5489CC24EC87E500164913 /* FirebaseCollection.swift in Sources */ = {isa = PBXBuildFile; fileRef = CD5489CA24EC87E500164913 /* FirebaseCollection.swift */; };
		CD68D40E24E10BCA00436DD5 /* GoogleService-Info.plist in Resources */ = {isa = PBXBuildFile; fileRef = CD68D40D24E10BCA00436DD5 /* GoogleService-Info.plist */; };
		CD68D40F24E10BCA00436DD5 /* GoogleService-Info.plist in Resources */ = {isa = PBXBuildFile; fileRef = CD68D40D24E10BCA00436DD5 /* GoogleService-Info.plist */; };
		CD68D41024E10BCA00436DD5 /* GoogleService-Info.plist in Resources */ = {isa = PBXBuildFile; fileRef = CD68D40D24E10BCA00436DD5 /* GoogleService-Info.plist */; };
		CDC83E2B24EF472F00388308 /* EditFoodieView.swift in Sources */ = {isa = PBXBuildFile; fileRef = CDC83E2A24EF472F00388308 /* EditFoodieView.swift */; };
		CDC83E2D24F079C100388308 /* CreateMenuView.swift in Sources */ = {isa = PBXBuildFile; fileRef = CDC83E2C24F079C100388308 /* CreateMenuView.swift */; };
		CDC83E2F24F1A5A300388308 /* EditMenuView.swift in Sources */ = {isa = PBXBuildFile; fileRef = CDC83E2E24F1A5A300388308 /* EditMenuView.swift */; };
		CDC83E3324F1B93400388308 /* CreditsView.swift in Sources */ = {isa = PBXBuildFile; fileRef = CDC83E3224F1B93400388308 /* CreditsView.swift */; };
		CDC83E3824F1C65F00388308 /* ImageViewController.swift in Sources */ = {isa = PBXBuildFile; fileRef = CDC83E3724F1C65F00388308 /* ImageViewController.swift */; };
		CDC83E3A24F1DA5700388308 /* Credit.swift in Sources */ = {isa = PBXBuildFile; fileRef = CDC83E3924F1DA5700388308 /* Credit.swift */; };
		CDC83E3C24F2066800388308 /* AppTabView.swift in Sources */ = {isa = PBXBuildFile; fileRef = CDC83E3B24F2066800388308 /* AppTabView.swift */; };
		CDC83E4024F207DF00388308 /* SessionUser.swift in Sources */ = {isa = PBXBuildFile; fileRef = CDC83E3F24F207DF00388308 /* SessionUser.swift */; };
		CDC83E4124F207DF00388308 /* SessionUser.swift in Sources */ = {isa = PBXBuildFile; fileRef = CDC83E3F24F207DF00388308 /* SessionUser.swift */; };
		CDC83E4524F2DF9100388308 /* SettingsView.swift in Sources */ = {isa = PBXBuildFile; fileRef = CDC83E4424F2DF9100388308 /* SettingsView.swift */; };
		CDC83E4724F2FB1B00388308 /* ListEatersView.swift in Sources */ = {isa = PBXBuildFile; fileRef = CDC83E4624F2FB1B00388308 /* ListEatersView.swift */; };
		CDC83E4924F2FCD500388308 /* EaterDetailView.swift in Sources */ = {isa = PBXBuildFile; fileRef = CDC83E4824F2FCD500388308 /* EaterDetailView.swift */; };
		CDC83E4B24F301C500388308 /* EditEaterView.swift in Sources */ = {isa = PBXBuildFile; fileRef = CDC83E4A24F301C500388308 /* EditEaterView.swift */; };
		CDC83E4C24F3761100388308 /* ListFoodiesView.swift in Sources */ = {isa = PBXBuildFile; fileRef = CD48A44624E436F200445241 /* ListFoodiesView.swift */; };
/* End PBXBuildFile section */

/* Begin PBXContainerItemProxy section */
		8C19DC0E23F895E0004F1380 /* PBXContainerItemProxy */ = {
			isa = PBXContainerItemProxy;
			containerPortal = 8C19DBEF23F895DC004F1380 /* Project object */;
			proxyType = 1;
			remoteGlobalIDString = 8C19DBF623F895DC004F1380;
			remoteInfo = foodHub;
		};
		8C19DC1923F895E0004F1380 /* PBXContainerItemProxy */ = {
			isa = PBXContainerItemProxy;
			containerPortal = 8C19DBEF23F895DC004F1380 /* Project object */;
			proxyType = 1;
			remoteGlobalIDString = 8C19DBF623F895DC004F1380;
			remoteInfo = foodHub;
		};
/* End PBXContainerItemProxy section */

/* Begin PBXFileReference section */
		0922EA10F22312B9263198F8 /* Pods-foodHubTests.debug.xcconfig */ = {isa = PBXFileReference; includeInIndex = 1; lastKnownFileType = text.xcconfig; name = "Pods-foodHubTests.debug.xcconfig"; path = "Target Support Files/Pods-foodHubTests/Pods-foodHubTests.debug.xcconfig"; sourceTree = "<group>"; };
		2600E9BFAF29878334C84DF7 /* Pods_foodHubTests.framework */ = {isa = PBXFileReference; explicitFileType = wrapper.framework; includeInIndex = 0; path = Pods_foodHubTests.framework; sourceTree = BUILT_PRODUCTS_DIR; };
		5C2A99504108F76922582649 /* Pods_foodHub_foodHubUITests.framework */ = {isa = PBXFileReference; explicitFileType = wrapper.framework; includeInIndex = 0; path = Pods_foodHub_foodHubUITests.framework; sourceTree = BUILT_PRODUCTS_DIR; };
		78B95DE3CB5B57D760CF5067 /* Pods-foodHub-foodHubUITests.debug.xcconfig */ = {isa = PBXFileReference; includeInIndex = 1; lastKnownFileType = text.xcconfig; name = "Pods-foodHub-foodHubUITests.debug.xcconfig"; path = "Target Support Files/Pods-foodHub-foodHubUITests/Pods-foodHub-foodHubUITests.debug.xcconfig"; sourceTree = "<group>"; };
		7DBC719BAA4663F6E8DE0444 /* Pods-foodHubTests.release.xcconfig */ = {isa = PBXFileReference; includeInIndex = 1; lastKnownFileType = text.xcconfig; name = "Pods-foodHubTests.release.xcconfig"; path = "Target Support Files/Pods-foodHubTests/Pods-foodHubTests.release.xcconfig"; sourceTree = "<group>"; };
		8C19DBF723F895DC004F1380 /* foodHub.app */ = {isa = PBXFileReference; explicitFileType = wrapper.application; includeInIndex = 0; path = foodHub.app; sourceTree = BUILT_PRODUCTS_DIR; };
		8C19DBFA23F895DC004F1380 /* AppDelegate.swift */ = {isa = PBXFileReference; lastKnownFileType = sourcecode.swift; path = AppDelegate.swift; sourceTree = "<group>"; };
		8C19DBFC23F895DC004F1380 /* SceneDelegate.swift */ = {isa = PBXFileReference; lastKnownFileType = sourcecode.swift; path = SceneDelegate.swift; sourceTree = "<group>"; };
		8C19DBFE23F895DC004F1380 /* ContentView.swift */ = {isa = PBXFileReference; lastKnownFileType = sourcecode.swift; path = ContentView.swift; sourceTree = "<group>"; };
		8C19DC0023F895E0004F1380 /* Assets.xcassets */ = {isa = PBXFileReference; lastKnownFileType = folder.assetcatalog; path = Assets.xcassets; sourceTree = "<group>"; };
		8C19DC0323F895E0004F1380 /* Preview Assets.xcassets */ = {isa = PBXFileReference; lastKnownFileType = folder.assetcatalog; path = "Preview Assets.xcassets"; sourceTree = "<group>"; };
		8C19DC0623F895E0004F1380 /* Base */ = {isa = PBXFileReference; lastKnownFileType = file.storyboard; name = Base; path = Base.lproj/LaunchScreen.storyboard; sourceTree = "<group>"; };
		8C19DC0823F895E0004F1380 /* Info.plist */ = {isa = PBXFileReference; lastKnownFileType = text.plist.xml; path = Info.plist; sourceTree = "<group>"; };
		8C19DC0D23F895E0004F1380 /* foodHubTests.xctest */ = {isa = PBXFileReference; explicitFileType = wrapper.cfbundle; includeInIndex = 0; path = foodHubTests.xctest; sourceTree = BUILT_PRODUCTS_DIR; };
		8C19DC1123F895E0004F1380 /* foodHubTests.swift */ = {isa = PBXFileReference; lastKnownFileType = sourcecode.swift; path = foodHubTests.swift; sourceTree = "<group>"; };
		8C19DC1323F895E0004F1380 /* Info.plist */ = {isa = PBXFileReference; lastKnownFileType = text.plist.xml; path = Info.plist; sourceTree = "<group>"; };
		8C19DC1823F895E0004F1380 /* foodHubUITests.xctest */ = {isa = PBXFileReference; explicitFileType = wrapper.cfbundle; includeInIndex = 0; path = foodHubUITests.xctest; sourceTree = BUILT_PRODUCTS_DIR; };
		8C19DC1C23F895E0004F1380 /* foodHubUITests.swift */ = {isa = PBXFileReference; lastKnownFileType = sourcecode.swift; path = foodHubUITests.swift; sourceTree = "<group>"; };
		8C19DC1E23F895E0004F1380 /* Info.plist */ = {isa = PBXFileReference; lastKnownFileType = text.plist.xml; path = Info.plist; sourceTree = "<group>"; };
		8C4F11BE241450AC00541E5E /* FoodieUser.swift */ = {isa = PBXFileReference; lastKnownFileType = sourcecode.swift; path = FoodieUser.swift; sourceTree = "<group>"; };
		8C5B13BC2415A2C800A53689 /* CreateFoodieView.swift */ = {isa = PBXFileReference; fileEncoding = 4; lastKnownFileType = sourcecode.swift; path = CreateFoodieView.swift; sourceTree = "<group>"; };
		8C802710240C3CB4001FD693 /* foodhub 200x200.png */ = {isa = PBXFileReference; lastKnownFileType = image.png; path = "foodhub 200x200.png"; sourceTree = "<group>"; };
		8C802714240C3EC1001FD693 /* foodhub-120x120.png */ = {isa = PBXFileReference; lastKnownFileType = image.png; path = "foodhub-120x120.png"; sourceTree = "<group>"; };
		8C802715240C3EC1001FD693 /* foodhub-180x180.png */ = {isa = PBXFileReference; lastKnownFileType = image.png; path = "foodhub-180x180.png"; sourceTree = "<group>"; };
		8C80271D240C410D001FD693 /* foodhub-80x80.png */ = {isa = PBXFileReference; lastKnownFileType = image.png; path = "foodhub-80x80.png"; sourceTree = "<group>"; };
		8C802721240C417C001FD693 /* foodhub-40x40.png */ = {isa = PBXFileReference; lastKnownFileType = image.png; path = "foodhub-40x40.png"; sourceTree = "<group>"; };
		8C802725240C41AD001FD693 /* foodhub-60x60.png */ = {isa = PBXFileReference; lastKnownFileType = image.png; path = "foodhub-60x60.png"; sourceTree = "<group>"; };
		8C802729240C41D3001FD693 /* foodhub-58x58.png */ = {isa = PBXFileReference; lastKnownFileType = image.png; path = "foodhub-58x58.png"; sourceTree = "<group>"; };
		8C80272D240C41F4001FD693 /* foodhub-87x87.png */ = {isa = PBXFileReference; lastKnownFileType = image.png; path = "foodhub-87x87.png"; sourceTree = "<group>"; };
		8C802731240C4378001FD693 /* foodhub-1024x1024.png */ = {isa = PBXFileReference; lastKnownFileType = image.png; path = "foodhub-1024x1024.png"; sourceTree = "<group>"; };
		8C802735240C4B58001FD693 /* EaterLandingView.swift */ = {isa = PBXFileReference; lastKnownFileType = sourcecode.swift; path = EaterLandingView.swift; sourceTree = "<group>"; };
		8C802739240C4B6E001FD693 /* FoodieLandingView.swift */ = {isa = PBXFileReference; lastKnownFileType = sourcecode.swift; path = FoodieLandingView.swift; sourceTree = "<group>"; };
		8CEB66D424131F8F00E1DEBF /* EaterUser.swift */ = {isa = PBXFileReference; lastKnownFileType = sourcecode.swift; path = EaterUser.swift; sourceTree = "<group>"; };
		8CEB66D924132BAB00E1DEBF /* CreateEaterView.swift */ = {isa = PBXFileReference; lastKnownFileType = sourcecode.swift; path = CreateEaterView.swift; sourceTree = "<group>"; };
		BBC5D1BE77998E15E37BC5F3 /* Pods-foodHub.debug.xcconfig */ = {isa = PBXFileReference; includeInIndex = 1; lastKnownFileType = text.xcconfig; name = "Pods-foodHub.debug.xcconfig"; path = "Target Support Files/Pods-foodHub/Pods-foodHub.debug.xcconfig"; sourceTree = "<group>"; };
		CD48A44024E4252A00445241 /* FoodieDetailView.swift */ = {isa = PBXFileReference; lastKnownFileType = sourcecode.swift; path = FoodieDetailView.swift; sourceTree = "<group>"; };
		CD48A44424E435E100445241 /* EaterHomeView.swift */ = {isa = PBXFileReference; lastKnownFileType = sourcecode.swift; path = EaterHomeView.swift; sourceTree = "<group>"; };
		CD48A44624E436F200445241 /* ListFoodiesView.swift */ = {isa = PBXFileReference; lastKnownFileType = sourcecode.swift; path = ListFoodiesView.swift; sourceTree = "<group>"; };
		CD48A44824E4AFC400445241 /* FoodieHomeView.swift */ = {isa = PBXFileReference; lastKnownFileType = sourcecode.swift; path = FoodieHomeView.swift; sourceTree = "<group>"; };
		CD4F774124E6245D0014AC77 /* StoreInfoView.swift */ = {isa = PBXFileReference; lastKnownFileType = sourcecode.swift; path = StoreInfoView.swift; sourceTree = "<group>"; };
		CD5489BF24EB34B700164913 /* MenuItem.swift */ = {isa = PBXFileReference; lastKnownFileType = sourcecode.swift; path = MenuItem.swift; sourceTree = "<group>"; };
		CD5489C524EB771E00164913 /* MenuView.swift */ = {isa = PBXFileReference; lastKnownFileType = sourcecode.swift; path = MenuView.swift; sourceTree = "<group>"; };
		CD5489CA24EC87E500164913 /* FirebaseCollection.swift */ = {isa = PBXFileReference; lastKnownFileType = sourcecode.swift; path = FirebaseCollection.swift; sourceTree = "<group>"; };
		CD68D40D24E10BCA00436DD5 /* GoogleService-Info.plist */ = {isa = PBXFileReference; fileEncoding = 4; lastKnownFileType = text.plist.xml; path = "GoogleService-Info.plist"; sourceTree = "<group>"; };
		CDC83E2A24EF472F00388308 /* EditFoodieView.swift */ = {isa = PBXFileReference; lastKnownFileType = sourcecode.swift; path = EditFoodieView.swift; sourceTree = "<group>"; };
		CDC83E2C24F079C100388308 /* CreateMenuView.swift */ = {isa = PBXFileReference; lastKnownFileType = sourcecode.swift; path = CreateMenuView.swift; sourceTree = "<group>"; };
		CDC83E2E24F1A5A300388308 /* EditMenuView.swift */ = {isa = PBXFileReference; lastKnownFileType = sourcecode.swift; path = EditMenuView.swift; sourceTree = "<group>"; };
		CDC83E3224F1B93400388308 /* CreditsView.swift */ = {isa = PBXFileReference; lastKnownFileType = sourcecode.swift; path = CreditsView.swift; sourceTree = "<group>"; };
		CDC83E3724F1C65F00388308 /* ImageViewController.swift */ = {isa = PBXFileReference; lastKnownFileType = sourcecode.swift; path = ImageViewController.swift; sourceTree = "<group>"; };
		CDC83E3924F1DA5700388308 /* Credit.swift */ = {isa = PBXFileReference; lastKnownFileType = sourcecode.swift; path = Credit.swift; sourceTree = "<group>"; };
		CDC83E3B24F2066800388308 /* AppTabView.swift */ = {isa = PBXFileReference; lastKnownFileType = sourcecode.swift; path = AppTabView.swift; sourceTree = "<group>"; };
		CDC83E3F24F207DF00388308 /* SessionUser.swift */ = {isa = PBXFileReference; lastKnownFileType = sourcecode.swift; path = SessionUser.swift; sourceTree = "<group>"; };
		CDC83E4424F2DF9100388308 /* SettingsView.swift */ = {isa = PBXFileReference; lastKnownFileType = sourcecode.swift; path = SettingsView.swift; sourceTree = "<group>"; };
		CDC83E4624F2FB1B00388308 /* ListEatersView.swift */ = {isa = PBXFileReference; lastKnownFileType = sourcecode.swift; path = ListEatersView.swift; sourceTree = "<group>"; };
		CDC83E4824F2FCD500388308 /* EaterDetailView.swift */ = {isa = PBXFileReference; lastKnownFileType = sourcecode.swift; path = EaterDetailView.swift; sourceTree = "<group>"; };
		CDC83E4A24F301C500388308 /* EditEaterView.swift */ = {isa = PBXFileReference; lastKnownFileType = sourcecode.swift; path = EditEaterView.swift; sourceTree = "<group>"; };
		CE52A181549B0F5F8934A6DD /* Pods-foodHub-foodHubUITests.release.xcconfig */ = {isa = PBXFileReference; includeInIndex = 1; lastKnownFileType = text.xcconfig; name = "Pods-foodHub-foodHubUITests.release.xcconfig"; path = "Target Support Files/Pods-foodHub-foodHubUITests/Pods-foodHub-foodHubUITests.release.xcconfig"; sourceTree = "<group>"; };
		DB9C41018FF01D20C409BDBA /* Pods-foodHub.release.xcconfig */ = {isa = PBXFileReference; includeInIndex = 1; lastKnownFileType = text.xcconfig; name = "Pods-foodHub.release.xcconfig"; path = "Target Support Files/Pods-foodHub/Pods-foodHub.release.xcconfig"; sourceTree = "<group>"; };
		DD7AF2D6EC259279821F3603 /* Pods_foodHub.framework */ = {isa = PBXFileReference; explicitFileType = wrapper.framework; includeInIndex = 0; path = Pods_foodHub.framework; sourceTree = BUILT_PRODUCTS_DIR; };
/* End PBXFileReference section */

/* Begin PBXFrameworksBuildPhase section */
		8C19DBF423F895DC004F1380 /* Frameworks */ = {
			isa = PBXFrameworksBuildPhase;
			buildActionMask = 2147483647;
			files = (
				32C9D06893C3058F3D339D10 /* Pods_foodHub.framework in Frameworks */,
			);
			runOnlyForDeploymentPostprocessing = 0;
		};
		8C19DC0A23F895E0004F1380 /* Frameworks */ = {
			isa = PBXFrameworksBuildPhase;
			buildActionMask = 2147483647;
			files = (
				A064FF76E64D136C4FF7477A /* Pods_foodHubTests.framework in Frameworks */,
			);
			runOnlyForDeploymentPostprocessing = 0;
		};
		8C19DC1523F895E0004F1380 /* Frameworks */ = {
			isa = PBXFrameworksBuildPhase;
			buildActionMask = 2147483647;
			files = (
				5CDB56FAAF028856CAD60BE7 /* Pods_foodHub_foodHubUITests.framework in Frameworks */,
			);
			runOnlyForDeploymentPostprocessing = 0;
		};
/* End PBXFrameworksBuildPhase section */

/* Begin PBXGroup section */
		615164BABEAE093597E3462A /* Pods */ = {
			isa = PBXGroup;
			children = (
				BBC5D1BE77998E15E37BC5F3 /* Pods-foodHub.debug.xcconfig */,
				DB9C41018FF01D20C409BDBA /* Pods-foodHub.release.xcconfig */,
				78B95DE3CB5B57D760CF5067 /* Pods-foodHub-foodHubUITests.debug.xcconfig */,
				CE52A181549B0F5F8934A6DD /* Pods-foodHub-foodHubUITests.release.xcconfig */,
				0922EA10F22312B9263198F8 /* Pods-foodHubTests.debug.xcconfig */,
				7DBC719BAA4663F6E8DE0444 /* Pods-foodHubTests.release.xcconfig */,
			);
			path = Pods;
			sourceTree = "<group>";
		};
		8A92F6215A270343F02A911A /* Frameworks */ = {
			isa = PBXGroup;
			children = (
				DD7AF2D6EC259279821F3603 /* Pods_foodHub.framework */,
				5C2A99504108F76922582649 /* Pods_foodHub_foodHubUITests.framework */,
				2600E9BFAF29878334C84DF7 /* Pods_foodHubTests.framework */,
			);
			name = Frameworks;
			sourceTree = "<group>";
		};
		8C19DBEE23F895DC004F1380 = {
			isa = PBXGroup;
			children = (
				8C19DBF923F895DC004F1380 /* foodHub */,
				8C19DC1023F895E0004F1380 /* foodHubTests */,
				8C19DC1B23F895E0004F1380 /* foodHubUITests */,
				8C19DBF823F895DC004F1380 /* Products */,
				615164BABEAE093597E3462A /* Pods */,
				8A92F6215A270343F02A911A /* Frameworks */,
			);
			sourceTree = "<group>";
		};
		8C19DBF823F895DC004F1380 /* Products */ = {
			isa = PBXGroup;
			children = (
				8C19DBF723F895DC004F1380 /* foodHub.app */,
				8C19DC0D23F895E0004F1380 /* foodHubTests.xctest */,
				8C19DC1823F895E0004F1380 /* foodHubUITests.xctest */,
			);
			name = Products;
			sourceTree = "<group>";
		};
		8C19DBF923F895DC004F1380 /* foodHub */ = {
			isa = PBXGroup;
			children = (
				8C19DC2A23F89DC2004F1380 /* Model */,
				CDB3910C24D2547E00FD43B2 /* View */,
				8C80270F240C3C7E001FD693 /* Resources */,
				8C19DBFA23F895DC004F1380 /* AppDelegate.swift */,
				8C19DBFC23F895DC004F1380 /* SceneDelegate.swift */,
				8C19DC0023F895E0004F1380 /* Assets.xcassets */,
				8C19DC0523F895E0004F1380 /* LaunchScreen.storyboard */,
				8C19DC0823F895E0004F1380 /* Info.plist */,
				CD68D40D24E10BCA00436DD5 /* GoogleService-Info.plist */,
				8C19DC0223F895E0004F1380 /* Preview Content */,
			);
			path = foodHub;
			sourceTree = "<group>";
		};
		8C19DC0223F895E0004F1380 /* Preview Content */ = {
			isa = PBXGroup;
			children = (
				8C19DC0323F895E0004F1380 /* Preview Assets.xcassets */,
			);
			path = "Preview Content";
			sourceTree = "<group>";
		};
		8C19DC1023F895E0004F1380 /* foodHubTests */ = {
			isa = PBXGroup;
			children = (
				8C19DC1123F895E0004F1380 /* foodHubTests.swift */,
				8C19DC1323F895E0004F1380 /* Info.plist */,
			);
			path = foodHubTests;
			sourceTree = "<group>";
		};
		8C19DC1B23F895E0004F1380 /* foodHubUITests */ = {
			isa = PBXGroup;
			children = (
				8C19DC1C23F895E0004F1380 /* foodHubUITests.swift */,
				8C19DC1E23F895E0004F1380 /* Info.plist */,
			);
			path = foodHubUITests;
			sourceTree = "<group>";
		};
		8C19DC2A23F89DC2004F1380 /* Model */ = {
			isa = PBXGroup;
			children = (
				CD5489CA24EC87E500164913 /* FirebaseCollection.swift */,
				8CEB66D424131F8F00E1DEBF /* EaterUser.swift */,
				8C4F11BE241450AC00541E5E /* FoodieUser.swift */,
				CD5489BF24EB34B700164913 /* MenuItem.swift */,
				CDC83E3924F1DA5700388308 /* Credit.swift */,
				CDC83E3F24F207DF00388308 /* SessionUser.swift */,
			);
			path = Model;
			sourceTree = "<group>";
		};
		8C5B13BB2415A2C800A53689 /* FoodieScreens */ = {
			isa = PBXGroup;
			children = (
				8C802739240C4B6E001FD693 /* FoodieLandingView.swift */,
				CD48A44024E4252A00445241 /* FoodieDetailView.swift */,
				CD48A44824E4AFC400445241 /* FoodieHomeView.swift */,
				CD4F774124E6245D0014AC77 /* StoreInfoView.swift */,
				8C5B13BC2415A2C800A53689 /* CreateFoodieView.swift */,
				CDC83E2A24EF472F00388308 /* EditFoodieView.swift */,
				CD48A44624E436F200445241 /* ListFoodiesView.swift */,
				CDC83E2924EF40D900388308 /* MenuViews */,
			);
			path = FoodieScreens;
			sourceTree = "<group>";
		};
		8C80270F240C3C7E001FD693 /* Resources */ = {
			isa = PBXGroup;
			children = (
				8C80271C240C3F3D001FD693 /* App-Icons */,
			);
			path = Resources;
			sourceTree = "<group>";
		};
		8C80271C240C3F3D001FD693 /* App-Icons */ = {
			isa = PBXGroup;
			children = (
				8C802710240C3CB4001FD693 /* foodhub 200x200.png */,
				8C802714240C3EC1001FD693 /* foodhub-120x120.png */,
				8C802715240C3EC1001FD693 /* foodhub-180x180.png */,
				8C80271D240C410D001FD693 /* foodhub-80x80.png */,
				8C802721240C417C001FD693 /* foodhub-40x40.png */,
				8C802725240C41AD001FD693 /* foodhub-60x60.png */,
				8C802729240C41D3001FD693 /* foodhub-58x58.png */,
				8C80272D240C41F4001FD693 /* foodhub-87x87.png */,
				8C802731240C4378001FD693 /* foodhub-1024x1024.png */,
			);
			path = "App-Icons";
			sourceTree = "<group>";
		};
		8CEB66D82413282B00E1DEBF /* EaterScreens */ = {
			isa = PBXGroup;
			children = (
				8C802735240C4B58001FD693 /* EaterLandingView.swift */,
				CD48A44424E435E100445241 /* EaterHomeView.swift */,
				CDC83E4624F2FB1B00388308 /* ListEatersView.swift */,
				8CEB66D924132BAB00E1DEBF /* CreateEaterView.swift */,
				CDC83E4824F2FCD500388308 /* EaterDetailView.swift */,
				CDC83E4A24F301C500388308 /* EditEaterView.swift */,
			);
			path = EaterScreens;
			sourceTree = "<group>";
		};
		CDB3910C24D2547E00FD43B2 /* View */ = {
			isa = PBXGroup;
			children = (
				CDC83E3B24F2066800388308 /* AppTabView.swift */,
				CDC83E3624F1C63800388308 /* UtilityViews */,
				8CEB66D82413282B00E1DEBF /* EaterScreens */,
				8C5B13BB2415A2C800A53689 /* FoodieScreens */,
			);
			path = View;
			sourceTree = "<group>";
		};
		CDC83E2924EF40D900388308 /* MenuViews */ = {
			isa = PBXGroup;
			children = (
				CD5489C524EB771E00164913 /* MenuView.swift */,
				CDC83E2C24F079C100388308 /* CreateMenuView.swift */,
				CDC83E2E24F1A5A300388308 /* EditMenuView.swift */,
			);
			path = MenuViews;
			sourceTree = "<group>";
		};
		CDC83E3624F1C63800388308 /* UtilityViews */ = {
			isa = PBXGroup;
			children = (
				CDC83E3724F1C65F00388308 /* ImageViewController.swift */,
				CDC83E3224F1B93400388308 /* CreditsView.swift */,
				CDC83E4424F2DF9100388308 /* SettingsView.swift */,
				8C19DBFE23F895DC004F1380 /* ContentView.swift */,
			);
			path = UtilityViews;
			sourceTree = "<group>";
		};
/* End PBXGroup section */

/* Begin PBXNativeTarget section */
		8C19DBF623F895DC004F1380 /* foodHub */ = {
			isa = PBXNativeTarget;
			buildConfigurationList = 8C19DC2123F895E0004F1380 /* Build configuration list for PBXNativeTarget "foodHub" */;
			buildPhases = (
				A4FE2EA65969A908AB871246 /* [CP] Check Pods Manifest.lock */,
				8C19DBF323F895DC004F1380 /* Sources */,
				8C19DBF423F895DC004F1380 /* Frameworks */,
				8C19DBF523F895DC004F1380 /* Resources */,
				05E320A71F4E5ECFE2E8E5C1 /* [CP] Embed Pods Frameworks */,
			);
			buildRules = (
			);
			dependencies = (
			);
			name = foodHub;
			productName = foodHub;
			productReference = 8C19DBF723F895DC004F1380 /* foodHub.app */;
			productType = "com.apple.product-type.application";
		};
		8C19DC0C23F895E0004F1380 /* foodHubTests */ = {
			isa = PBXNativeTarget;
			buildConfigurationList = 8C19DC2423F895E0004F1380 /* Build configuration list for PBXNativeTarget "foodHubTests" */;
			buildPhases = (
				7701B15A565C42310AB17068 /* [CP] Check Pods Manifest.lock */,
				8C19DC0923F895E0004F1380 /* Sources */,
				8C19DC0A23F895E0004F1380 /* Frameworks */,
				8C19DC0B23F895E0004F1380 /* Resources */,
			);
			buildRules = (
			);
			dependencies = (
				8C19DC0F23F895E0004F1380 /* PBXTargetDependency */,
			);
			name = foodHubTests;
			productName = foodHubTests;
			productReference = 8C19DC0D23F895E0004F1380 /* foodHubTests.xctest */;
			productType = "com.apple.product-type.bundle.unit-test";
		};
		8C19DC1723F895E0004F1380 /* foodHubUITests */ = {
			isa = PBXNativeTarget;
			buildConfigurationList = 8C19DC2723F895E0004F1380 /* Build configuration list for PBXNativeTarget "foodHubUITests" */;
			buildPhases = (
				997998C407A1550CBFB7D3F7 /* [CP] Check Pods Manifest.lock */,
				8C19DC1423F895E0004F1380 /* Sources */,
				8C19DC1523F895E0004F1380 /* Frameworks */,
				8C19DC1623F895E0004F1380 /* Resources */,
				9815B053B01A86C98C8B4DD7 /* [CP] Embed Pods Frameworks */,
			);
			buildRules = (
			);
			dependencies = (
				8C19DC1A23F895E0004F1380 /* PBXTargetDependency */,
			);
			name = foodHubUITests;
			productName = foodHubUITests;
			productReference = 8C19DC1823F895E0004F1380 /* foodHubUITests.xctest */;
			productType = "com.apple.product-type.bundle.ui-testing";
		};
/* End PBXNativeTarget section */

/* Begin PBXProject section */
		8C19DBEF23F895DC004F1380 /* Project object */ = {
			isa = PBXProject;
			attributes = {
				LastSwiftUpdateCheck = 1130;
				LastUpgradeCheck = 1130;
				ORGANIZATIONNAME = "Ekore, Ehiremen Alex";
				TargetAttributes = {
					8C19DBF623F895DC004F1380 = {
						CreatedOnToolsVersion = 11.3.1;
					};
					8C19DC0C23F895E0004F1380 = {
						CreatedOnToolsVersion = 11.3.1;
						TestTargetID = 8C19DBF623F895DC004F1380;
					};
					8C19DC1723F895E0004F1380 = {
						CreatedOnToolsVersion = 11.3.1;
						TestTargetID = 8C19DBF623F895DC004F1380;
					};
				};
			};
			buildConfigurationList = 8C19DBF223F895DC004F1380 /* Build configuration list for PBXProject "foodHub" */;
			compatibilityVersion = "Xcode 9.3";
			developmentRegion = en;
			hasScannedForEncodings = 0;
			knownRegions = (
				en,
				Base,
			);
			mainGroup = 8C19DBEE23F895DC004F1380;
			productRefGroup = 8C19DBF823F895DC004F1380 /* Products */;
			projectDirPath = "";
			projectRoot = "";
			targets = (
				8C19DBF623F895DC004F1380 /* foodHub */,
				8C19DC0C23F895E0004F1380 /* foodHubTests */,
				8C19DC1723F895E0004F1380 /* foodHubUITests */,
			);
		};
/* End PBXProject section */

/* Begin PBXResourcesBuildPhase section */
		8C19DBF523F895DC004F1380 /* Resources */ = {
			isa = PBXResourcesBuildPhase;
			buildActionMask = 2147483647;
			files = (
				CD68D40E24E10BCA00436DD5 /* GoogleService-Info.plist in Resources */,
				8C80271E240C410D001FD693 /* foodhub-80x80.png in Resources */,
				8C19DC0723F895E0004F1380 /* LaunchScreen.storyboard in Resources */,
				8C802719240C3EC1001FD693 /* foodhub-180x180.png in Resources */,
				8C802716240C3EC1001FD693 /* foodhub-120x120.png in Resources */,
				8C802711240C3CB4001FD693 /* foodhub 200x200.png in Resources */,
				8C802732240C4378001FD693 /* foodhub-1024x1024.png in Resources */,
				8C80272A240C41D3001FD693 /* foodhub-58x58.png in Resources */,
				8C802726240C41AD001FD693 /* foodhub-60x60.png in Resources */,
				8C19DC0423F895E0004F1380 /* Preview Assets.xcassets in Resources */,
				8C802722240C417C001FD693 /* foodhub-40x40.png in Resources */,
				8C80272E240C41F4001FD693 /* foodhub-87x87.png in Resources */,
				8C19DC0123F895E0004F1380 /* Assets.xcassets in Resources */,
			);
			runOnlyForDeploymentPostprocessing = 0;
		};
		8C19DC0B23F895E0004F1380 /* Resources */ = {
			isa = PBXResourcesBuildPhase;
			buildActionMask = 2147483647;
			files = (
				8C80271A240C3EC1001FD693 /* foodhub-180x180.png in Resources */,
				8C80272F240C41F4001FD693 /* foodhub-87x87.png in Resources */,
				8C80271F240C410D001FD693 /* foodhub-80x80.png in Resources */,
				8C80272B240C41D3001FD693 /* foodhub-58x58.png in Resources */,
				8C802733240C4378001FD693 /* foodhub-1024x1024.png in Resources */,
				8C802712240C3CB4001FD693 /* foodhub 200x200.png in Resources */,
				8C802727240C41AD001FD693 /* foodhub-60x60.png in Resources */,
				CD68D40F24E10BCA00436DD5 /* GoogleService-Info.plist in Resources */,
				8C802723240C417C001FD693 /* foodhub-40x40.png in Resources */,
				8C802717240C3EC1001FD693 /* foodhub-120x120.png in Resources */,
			);
			runOnlyForDeploymentPostprocessing = 0;
		};
		8C19DC1623F895E0004F1380 /* Resources */ = {
			isa = PBXResourcesBuildPhase;
			buildActionMask = 2147483647;
			files = (
				8C80271B240C3EC1001FD693 /* foodhub-180x180.png in Resources */,
				8C802730240C41F4001FD693 /* foodhub-87x87.png in Resources */,
				8C802720240C410D001FD693 /* foodhub-80x80.png in Resources */,
				8C80272C240C41D3001FD693 /* foodhub-58x58.png in Resources */,
				8C802734240C4378001FD693 /* foodhub-1024x1024.png in Resources */,
				8C802713240C3CB4001FD693 /* foodhub 200x200.png in Resources */,
				8C802728240C41AD001FD693 /* foodhub-60x60.png in Resources */,
				CD68D41024E10BCA00436DD5 /* GoogleService-Info.plist in Resources */,
				8C802724240C417C001FD693 /* foodhub-40x40.png in Resources */,
				8C802718240C3EC1001FD693 /* foodhub-120x120.png in Resources */,
			);
			runOnlyForDeploymentPostprocessing = 0;
		};
/* End PBXResourcesBuildPhase section */

/* Begin PBXShellScriptBuildPhase section */
		05E320A71F4E5ECFE2E8E5C1 /* [CP] Embed Pods Frameworks */ = {
			isa = PBXShellScriptBuildPhase;
			buildActionMask = 2147483647;
			files = (
			);
			inputFileListPaths = (
				"${PODS_ROOT}/Target Support Files/Pods-foodHub/Pods-foodHub-frameworks-${CONFIGURATION}-input-files.xcfilelist",
			);
			name = "[CP] Embed Pods Frameworks";
			outputFileListPaths = (
				"${PODS_ROOT}/Target Support Files/Pods-foodHub/Pods-foodHub-frameworks-${CONFIGURATION}-output-files.xcfilelist",
			);
			runOnlyForDeploymentPostprocessing = 0;
			shellPath = /bin/sh;
			shellScript = "\"${PODS_ROOT}/Target Support Files/Pods-foodHub/Pods-foodHub-frameworks.sh\"\n";
			showEnvVarsInLog = 0;
		};
		7701B15A565C42310AB17068 /* [CP] Check Pods Manifest.lock */ = {
			isa = PBXShellScriptBuildPhase;
			buildActionMask = 2147483647;
			files = (
			);
			inputFileListPaths = (
			);
			inputPaths = (
				"${PODS_PODFILE_DIR_PATH}/Podfile.lock",
				"${PODS_ROOT}/Manifest.lock",
			);
			name = "[CP] Check Pods Manifest.lock";
			outputFileListPaths = (
			);
			outputPaths = (
				"$(DERIVED_FILE_DIR)/Pods-foodHubTests-checkManifestLockResult.txt",
			);
			runOnlyForDeploymentPostprocessing = 0;
			shellPath = /bin/sh;
			shellScript = "diff \"${PODS_PODFILE_DIR_PATH}/Podfile.lock\" \"${PODS_ROOT}/Manifest.lock\" > /dev/null\nif [ $? != 0 ] ; then\n    # print error to STDERR\n    echo \"error: The sandbox is not in sync with the Podfile.lock. Run 'pod install' or update your CocoaPods installation.\" >&2\n    exit 1\nfi\n# This output is used by Xcode 'outputs' to avoid re-running this script phase.\necho \"SUCCESS\" > \"${SCRIPT_OUTPUT_FILE_0}\"\n";
			showEnvVarsInLog = 0;
		};
		9815B053B01A86C98C8B4DD7 /* [CP] Embed Pods Frameworks */ = {
			isa = PBXShellScriptBuildPhase;
			buildActionMask = 2147483647;
			files = (
			);
			inputFileListPaths = (
				"${PODS_ROOT}/Target Support Files/Pods-foodHub-foodHubUITests/Pods-foodHub-foodHubUITests-frameworks-${CONFIGURATION}-input-files.xcfilelist",
			);
			name = "[CP] Embed Pods Frameworks";
			outputFileListPaths = (
				"${PODS_ROOT}/Target Support Files/Pods-foodHub-foodHubUITests/Pods-foodHub-foodHubUITests-frameworks-${CONFIGURATION}-output-files.xcfilelist",
			);
			runOnlyForDeploymentPostprocessing = 0;
			shellPath = /bin/sh;
			shellScript = "\"${PODS_ROOT}/Target Support Files/Pods-foodHub-foodHubUITests/Pods-foodHub-foodHubUITests-frameworks.sh\"\n";
			showEnvVarsInLog = 0;
		};
		997998C407A1550CBFB7D3F7 /* [CP] Check Pods Manifest.lock */ = {
			isa = PBXShellScriptBuildPhase;
			buildActionMask = 2147483647;
			files = (
			);
			inputFileListPaths = (
			);
			inputPaths = (
				"${PODS_PODFILE_DIR_PATH}/Podfile.lock",
				"${PODS_ROOT}/Manifest.lock",
			);
			name = "[CP] Check Pods Manifest.lock";
			outputFileListPaths = (
			);
			outputPaths = (
				"$(DERIVED_FILE_DIR)/Pods-foodHub-foodHubUITests-checkManifestLockResult.txt",
			);
			runOnlyForDeploymentPostprocessing = 0;
			shellPath = /bin/sh;
			shellScript = "diff \"${PODS_PODFILE_DIR_PATH}/Podfile.lock\" \"${PODS_ROOT}/Manifest.lock\" > /dev/null\nif [ $? != 0 ] ; then\n    # print error to STDERR\n    echo \"error: The sandbox is not in sync with the Podfile.lock. Run 'pod install' or update your CocoaPods installation.\" >&2\n    exit 1\nfi\n# This output is used by Xcode 'outputs' to avoid re-running this script phase.\necho \"SUCCESS\" > \"${SCRIPT_OUTPUT_FILE_0}\"\n";
			showEnvVarsInLog = 0;
		};
		A4FE2EA65969A908AB871246 /* [CP] Check Pods Manifest.lock */ = {
			isa = PBXShellScriptBuildPhase;
			buildActionMask = 2147483647;
			files = (
			);
			inputFileListPaths = (
			);
			inputPaths = (
				"${PODS_PODFILE_DIR_PATH}/Podfile.lock",
				"${PODS_ROOT}/Manifest.lock",
			);
			name = "[CP] Check Pods Manifest.lock";
			outputFileListPaths = (
			);
			outputPaths = (
				"$(DERIVED_FILE_DIR)/Pods-foodHub-checkManifestLockResult.txt",
			);
			runOnlyForDeploymentPostprocessing = 0;
			shellPath = /bin/sh;
			shellScript = "diff \"${PODS_PODFILE_DIR_PATH}/Podfile.lock\" \"${PODS_ROOT}/Manifest.lock\" > /dev/null\nif [ $? != 0 ] ; then\n    # print error to STDERR\n    echo \"error: The sandbox is not in sync with the Podfile.lock. Run 'pod install' or update your CocoaPods installation.\" >&2\n    exit 1\nfi\n# This output is used by Xcode 'outputs' to avoid re-running this script phase.\necho \"SUCCESS\" > \"${SCRIPT_OUTPUT_FILE_0}\"\n";
			showEnvVarsInLog = 0;
		};
/* End PBXShellScriptBuildPhase section */

/* Begin PBXSourcesBuildPhase section */
		8C19DBF323F895DC004F1380 /* Sources */ = {
			isa = PBXSourcesBuildPhase;
			buildActionMask = 2147483647;
			files = (
				8C19DBFB23F895DC004F1380 /* AppDelegate.swift in Sources */,
				CDC83E3A24F1DA5700388308 /* Credit.swift in Sources */,
				CD4F774224E6245D0014AC77 /* StoreInfoView.swift in Sources */,
				CDC83E4924F2FCD500388308 /* EaterDetailView.swift in Sources */,
				CD48A44524E435E100445241 /* EaterHomeView.swift in Sources */,
				CD5489C624EB771E00164913 /* MenuView.swift in Sources */,
				8C5B13BD2415A2C800A53689 /* CreateFoodieView.swift in Sources */,
				CDC83E3C24F2066800388308 /* AppTabView.swift in Sources */,
				CDC83E4024F207DF00388308 /* SessionUser.swift in Sources */,
				CDC83E3324F1B93400388308 /* CreditsView.swift in Sources */,
				CDC83E3824F1C65F00388308 /* ImageViewController.swift in Sources */,
				8CEB66D524131F9000E1DEBF /* EaterUser.swift in Sources */,
				8CEB66DA24132BAB00E1DEBF /* CreateEaterView.swift in Sources */,
				8C802736240C4B58001FD693 /* EaterLandingView.swift in Sources */,
				CDC83E4724F2FB1B00388308 /* ListEatersView.swift in Sources */,
				CDC83E4B24F301C500388308 /* EditEaterView.swift in Sources */,
				CD48A44924E4AFC400445241 /* FoodieHomeView.swift in Sources */,
				CDC83E2D24F079C100388308 /* CreateMenuView.swift in Sources */,
				8C19DBFD23F895DC004F1380 /* SceneDelegate.swift in Sources */,
				8C80273A240C4B6E001FD693 /* FoodieLandingView.swift in Sources */,
				8C19DBFF23F895DC004F1380 /* ContentView.swift in Sources */,
				CDC83E2F24F1A5A300388308 /* EditMenuView.swift in Sources */,
				CDC83E2B24EF472F00388308 /* EditFoodieView.swift in Sources */,
				CDC83E4524F2DF9100388308 /* SettingsView.swift in Sources */,
				CD5489CB24EC87E500164913 /* FirebaseCollection.swift in Sources */,
				8C4F11BF241450AC00541E5E /* FoodieUser.swift in Sources */,
				CD48A44724E436F200445241 /* ListFoodiesView.swift in Sources */,
				CD48A44124E4252A00445241 /* FoodieDetailView.swift in Sources */,
				CD5489C024EB34B700164913 /* MenuItem.swift in Sources */,
			);
			runOnlyForDeploymentPostprocessing = 0;
		};
		8C19DC0923F895E0004F1380 /* Sources */ = {
			isa = PBXSourcesBuildPhase;
			buildActionMask = 2147483647;
			files = (
				8C5B13BE2415A2C800A53689 /* CreateFoodieView.swift in Sources */,
				8C19DC1223F895E0004F1380 /* foodHubTests.swift in Sources */,
				CD5489CC24EC87E500164913 /* FirebaseCollection.swift in Sources */,
				CD48A44224E4351E00445241 /* EaterLandingView.swift in Sources */,
				8C4F11C0241450AC00541E5E /* FoodieUser.swift in Sources */,
				8CEB66D624131F9000E1DEBF /* EaterUser.swift in Sources */,
				8CEB66DB24132BAB00E1DEBF /* CreateEaterView.swift in Sources */,
				CDC83E4C24F3761100388308 /* ListFoodiesView.swift in Sources */,
				CDC83E4124F207DF00388308 /* SessionUser.swift in Sources */,
			);
			runOnlyForDeploymentPostprocessing = 0;
		};
		8C19DC1423F895E0004F1380 /* Sources */ = {
			isa = PBXSourcesBuildPhase;
			buildActionMask = 2147483647;
			files = (
				8C5B13BF2415A2C800A53689 /* CreateFoodieView.swift in Sources */,
				8C19DC1D23F895E0004F1380 /* foodHubUITests.swift in Sources */,
				CD48A44324E4351E00445241 /* EaterLandingView.swift in Sources */,
				8C4F11C1241450AC00541E5E /* FoodieUser.swift in Sources */,
				8CEB66D724131F9000E1DEBF /* EaterUser.swift in Sources */,
				8CEB66DC24132BAB00E1DEBF /* CreateEaterView.swift in Sources */,
			);
			runOnlyForDeploymentPostprocessing = 0;
		};
/* End PBXSourcesBuildPhase section */

/* Begin PBXTargetDependency section */
		8C19DC0F23F895E0004F1380 /* PBXTargetDependency */ = {
			isa = PBXTargetDependency;
			target = 8C19DBF623F895DC004F1380 /* foodHub */;
			targetProxy = 8C19DC0E23F895E0004F1380 /* PBXContainerItemProxy */;
		};
		8C19DC1A23F895E0004F1380 /* PBXTargetDependency */ = {
			isa = PBXTargetDependency;
			target = 8C19DBF623F895DC004F1380 /* foodHub */;
			targetProxy = 8C19DC1923F895E0004F1380 /* PBXContainerItemProxy */;
		};
/* End PBXTargetDependency section */

/* Begin PBXVariantGroup section */
		8C19DC0523F895E0004F1380 /* LaunchScreen.storyboard */ = {
			isa = PBXVariantGroup;
			children = (
				8C19DC0623F895E0004F1380 /* Base */,
			);
			name = LaunchScreen.storyboard;
			sourceTree = "<group>";
		};
/* End PBXVariantGroup section */

/* Begin XCBuildConfiguration section */
		8C19DC1F23F895E0004F1380 /* Debug */ = {
			isa = XCBuildConfiguration;
			buildSettings = {
				ALWAYS_SEARCH_USER_PATHS = NO;
				CLANG_ANALYZER_NONNULL = YES;
				CLANG_ANALYZER_NUMBER_OBJECT_CONVERSION = YES_AGGRESSIVE;
				CLANG_CXX_LANGUAGE_STANDARD = "gnu++14";
				CLANG_CXX_LIBRARY = "libc++";
				CLANG_ENABLE_MODULES = YES;
				CLANG_ENABLE_OBJC_ARC = YES;
				CLANG_ENABLE_OBJC_WEAK = YES;
				CLANG_WARN_BLOCK_CAPTURE_AUTORELEASING = YES;
				CLANG_WARN_BOOL_CONVERSION = YES;
				CLANG_WARN_COMMA = YES;
				CLANG_WARN_CONSTANT_CONVERSION = YES;
				CLANG_WARN_DEPRECATED_OBJC_IMPLEMENTATIONS = YES;
				CLANG_WARN_DIRECT_OBJC_ISA_USAGE = YES_ERROR;
				CLANG_WARN_DOCUMENTATION_COMMENTS = YES;
				CLANG_WARN_EMPTY_BODY = YES;
				CLANG_WARN_ENUM_CONVERSION = YES;
				CLANG_WARN_INFINITE_RECURSION = YES;
				CLANG_WARN_INT_CONVERSION = YES;
				CLANG_WARN_NON_LITERAL_NULL_CONVERSION = YES;
				CLANG_WARN_OBJC_IMPLICIT_RETAIN_SELF = YES;
				CLANG_WARN_OBJC_LITERAL_CONVERSION = YES;
				CLANG_WARN_OBJC_ROOT_CLASS = YES_ERROR;
				CLANG_WARN_RANGE_LOOP_ANALYSIS = YES;
				CLANG_WARN_STRICT_PROTOTYPES = YES;
				CLANG_WARN_SUSPICIOUS_MOVE = YES;
				CLANG_WARN_UNGUARDED_AVAILABILITY = YES_AGGRESSIVE;
				CLANG_WARN_UNREACHABLE_CODE = YES;
				CLANG_WARN__DUPLICATE_METHOD_MATCH = YES;
				COPY_PHASE_STRIP = NO;
				DEBUG_INFORMATION_FORMAT = dwarf;
				ENABLE_STRICT_OBJC_MSGSEND = YES;
				ENABLE_TESTABILITY = YES;
				GCC_C_LANGUAGE_STANDARD = gnu11;
				GCC_DYNAMIC_NO_PIC = NO;
				GCC_NO_COMMON_BLOCKS = YES;
				GCC_OPTIMIZATION_LEVEL = 0;
				GCC_PREPROCESSOR_DEFINITIONS = (
					"DEBUG=1",
					"$(inherited)",
				);
				GCC_WARN_64_TO_32_BIT_CONVERSION = YES;
				GCC_WARN_ABOUT_RETURN_TYPE = YES_ERROR;
				GCC_WARN_UNDECLARED_SELECTOR = YES;
				GCC_WARN_UNINITIALIZED_AUTOS = YES_AGGRESSIVE;
				GCC_WARN_UNUSED_FUNCTION = YES;
				GCC_WARN_UNUSED_VARIABLE = YES;
				IPHONEOS_DEPLOYMENT_TARGET = 13.2;
				MTL_ENABLE_DEBUG_INFO = INCLUDE_SOURCE;
				MTL_FAST_MATH = YES;
				ONLY_ACTIVE_ARCH = YES;
				SDKROOT = iphoneos;
				SWIFT_ACTIVE_COMPILATION_CONDITIONS = DEBUG;
				SWIFT_OPTIMIZATION_LEVEL = "-Onone";
			};
			name = Debug;
		};
		8C19DC2023F895E0004F1380 /* Release */ = {
			isa = XCBuildConfiguration;
			buildSettings = {
				ALWAYS_SEARCH_USER_PATHS = NO;
				CLANG_ANALYZER_NONNULL = YES;
				CLANG_ANALYZER_NUMBER_OBJECT_CONVERSION = YES_AGGRESSIVE;
				CLANG_CXX_LANGUAGE_STANDARD = "gnu++14";
				CLANG_CXX_LIBRARY = "libc++";
				CLANG_ENABLE_MODULES = YES;
				CLANG_ENABLE_OBJC_ARC = YES;
				CLANG_ENABLE_OBJC_WEAK = YES;
				CLANG_WARN_BLOCK_CAPTURE_AUTORELEASING = YES;
				CLANG_WARN_BOOL_CONVERSION = YES;
				CLANG_WARN_COMMA = YES;
				CLANG_WARN_CONSTANT_CONVERSION = YES;
				CLANG_WARN_DEPRECATED_OBJC_IMPLEMENTATIONS = YES;
				CLANG_WARN_DIRECT_OBJC_ISA_USAGE = YES_ERROR;
				CLANG_WARN_DOCUMENTATION_COMMENTS = YES;
				CLANG_WARN_EMPTY_BODY = YES;
				CLANG_WARN_ENUM_CONVERSION = YES;
				CLANG_WARN_INFINITE_RECURSION = YES;
				CLANG_WARN_INT_CONVERSION = YES;
				CLANG_WARN_NON_LITERAL_NULL_CONVERSION = YES;
				CLANG_WARN_OBJC_IMPLICIT_RETAIN_SELF = YES;
				CLANG_WARN_OBJC_LITERAL_CONVERSION = YES;
				CLANG_WARN_OBJC_ROOT_CLASS = YES_ERROR;
				CLANG_WARN_RANGE_LOOP_ANALYSIS = YES;
				CLANG_WARN_STRICT_PROTOTYPES = YES;
				CLANG_WARN_SUSPICIOUS_MOVE = YES;
				CLANG_WARN_UNGUARDED_AVAILABILITY = YES_AGGRESSIVE;
				CLANG_WARN_UNREACHABLE_CODE = YES;
				CLANG_WARN__DUPLICATE_METHOD_MATCH = YES;
				COPY_PHASE_STRIP = NO;
				DEBUG_INFORMATION_FORMAT = "dwarf-with-dsym";
				ENABLE_NS_ASSERTIONS = NO;
				ENABLE_STRICT_OBJC_MSGSEND = YES;
				GCC_C_LANGUAGE_STANDARD = gnu11;
				GCC_NO_COMMON_BLOCKS = YES;
				GCC_WARN_64_TO_32_BIT_CONVERSION = YES;
				GCC_WARN_ABOUT_RETURN_TYPE = YES_ERROR;
				GCC_WARN_UNDECLARED_SELECTOR = YES;
				GCC_WARN_UNINITIALIZED_AUTOS = YES_AGGRESSIVE;
				GCC_WARN_UNUSED_FUNCTION = YES;
				GCC_WARN_UNUSED_VARIABLE = YES;
				IPHONEOS_DEPLOYMENT_TARGET = 13.2;
				MTL_ENABLE_DEBUG_INFO = NO;
				MTL_FAST_MATH = YES;
				SDKROOT = iphoneos;
				SWIFT_COMPILATION_MODE = wholemodule;
				SWIFT_OPTIMIZATION_LEVEL = "-O";
				VALIDATE_PRODUCT = YES;
			};
			name = Release;
		};
		8C19DC2223F895E0004F1380 /* Debug */ = {
			isa = XCBuildConfiguration;
			baseConfigurationReference = BBC5D1BE77998E15E37BC5F3 /* Pods-foodHub.debug.xcconfig */;
			buildSettings = {
				ASSETCATALOG_COMPILER_APPICON_NAME = AppIcon;
				CODE_SIGN_STYLE = Automatic;
				DEVELOPMENT_ASSET_PATHS = "\"foodHub/Preview Content\"";
				ENABLE_PREVIEWS = YES;
				INFOPLIST_FILE = foodHub/Info.plist;
				LD_RUNPATH_SEARCH_PATHS = (
					"$(inherited)",
					"@executable_path/Frameworks",
				);
				PRODUCT_BUNDLE_IDENTIFIER = edu.newhaven.foodHub;
				PRODUCT_NAME = "$(TARGET_NAME)";
				SWIFT_VERSION = 5.0;
				TARGETED_DEVICE_FAMILY = "1,2";
			};
			name = Debug;
		};
		8C19DC2323F895E0004F1380 /* Release */ = {
			isa = XCBuildConfiguration;
			baseConfigurationReference = DB9C41018FF01D20C409BDBA /* Pods-foodHub.release.xcconfig */;
			buildSettings = {
				ASSETCATALOG_COMPILER_APPICON_NAME = AppIcon;
				CODE_SIGN_STYLE = Automatic;
				DEVELOPMENT_ASSET_PATHS = "\"foodHub/Preview Content\"";
				ENABLE_PREVIEWS = YES;
				INFOPLIST_FILE = foodHub/Info.plist;
				LD_RUNPATH_SEARCH_PATHS = (
					"$(inherited)",
					"@executable_path/Frameworks",
				);
				PRODUCT_BUNDLE_IDENTIFIER = edu.newhaven.foodHub;
				PRODUCT_NAME = "$(TARGET_NAME)";
				SWIFT_VERSION = 5.0;
				TARGETED_DEVICE_FAMILY = "1,2";
			};
			name = Release;
		};
		8C19DC2523F895E0004F1380 /* Debug */ = {
			isa = XCBuildConfiguration;
			baseConfigurationReference = 0922EA10F22312B9263198F8 /* Pods-foodHubTests.debug.xcconfig */;
			buildSettings = {
				ALWAYS_EMBED_SWIFT_STANDARD_LIBRARIES = YES;
				BUNDLE_LOADER = "$(TEST_HOST)";
				CODE_SIGN_STYLE = Automatic;
				INFOPLIST_FILE = foodHubTests/Info.plist;
				IPHONEOS_DEPLOYMENT_TARGET = 13.2;
				LD_RUNPATH_SEARCH_PATHS = (
					"$(inherited)",
					"@executable_path/Frameworks",
					"@loader_path/Frameworks",
				);
				PRODUCT_BUNDLE_IDENTIFIER = edu.newhaven.foodHubTests;
				PRODUCT_NAME = "$(TARGET_NAME)";
				SWIFT_VERSION = 5.0;
				TARGETED_DEVICE_FAMILY = "1,2";
				TEST_HOST = "$(BUILT_PRODUCTS_DIR)/foodHub.app/foodHub";
			};
			name = Debug;
		};
		8C19DC2623F895E0004F1380 /* Release */ = {
			isa = XCBuildConfiguration;
			baseConfigurationReference = 7DBC719BAA4663F6E8DE0444 /* Pods-foodHubTests.release.xcconfig */;
			buildSettings = {
				ALWAYS_EMBED_SWIFT_STANDARD_LIBRARIES = YES;
				BUNDLE_LOADER = "$(TEST_HOST)";
				CODE_SIGN_STYLE = Automatic;
				INFOPLIST_FILE = foodHubTests/Info.plist;
				IPHONEOS_DEPLOYMENT_TARGET = 13.2;
				LD_RUNPATH_SEARCH_PATHS = (
					"$(inherited)",
					"@executable_path/Frameworks",
					"@loader_path/Frameworks",
				);
				PRODUCT_BUNDLE_IDENTIFIER = edu.newhaven.foodHubTests;
				PRODUCT_NAME = "$(TARGET_NAME)";
				SWIFT_VERSION = 5.0;
				TARGETED_DEVICE_FAMILY = "1,2";
				TEST_HOST = "$(BUILT_PRODUCTS_DIR)/foodHub.app/foodHub";
			};
			name = Release;
		};
		8C19DC2823F895E0004F1380 /* Debug */ = {
			isa = XCBuildConfiguration;
			baseConfigurationReference = 78B95DE3CB5B57D760CF5067 /* Pods-foodHub-foodHubUITests.debug.xcconfig */;
			buildSettings = {
				ALWAYS_EMBED_SWIFT_STANDARD_LIBRARIES = YES;
				CODE_SIGN_STYLE = Automatic;
				INFOPLIST_FILE = foodHubUITests/Info.plist;
				LD_RUNPATH_SEARCH_PATHS = (
					"$(inherited)",
					"@executable_path/Frameworks",
					"@loader_path/Frameworks",
				);
				PRODUCT_BUNDLE_IDENTIFIER = edu.newhaven.foodHubUITests;
				PRODUCT_NAME = "$(TARGET_NAME)";
				SWIFT_VERSION = 5.0;
				TARGETED_DEVICE_FAMILY = "1,2";
				TEST_TARGET_NAME = foodHub;
			};
			name = Debug;
		};
		8C19DC2923F895E0004F1380 /* Release */ = {
			isa = XCBuildConfiguration;
			baseConfigurationReference = CE52A181549B0F5F8934A6DD /* Pods-foodHub-foodHubUITests.release.xcconfig */;
			buildSettings = {
				ALWAYS_EMBED_SWIFT_STANDARD_LIBRARIES = YES;
				CODE_SIGN_STYLE = Automatic;
				INFOPLIST_FILE = foodHubUITests/Info.plist;
				LD_RUNPATH_SEARCH_PATHS = (
					"$(inherited)",
					"@executable_path/Frameworks",
					"@loader_path/Frameworks",
				);
				PRODUCT_BUNDLE_IDENTIFIER = edu.newhaven.foodHubUITests;
				PRODUCT_NAME = "$(TARGET_NAME)";
				SWIFT_VERSION = 5.0;
				TARGETED_DEVICE_FAMILY = "1,2";
				TEST_TARGET_NAME = foodHub;
			};
			name = Release;
		};
/* End XCBuildConfiguration section */

/* Begin XCConfigurationList section */
		8C19DBF223F895DC004F1380 /* Build configuration list for PBXProject "foodHub" */ = {
			isa = XCConfigurationList;
			buildConfigurations = (
				8C19DC1F23F895E0004F1380 /* Debug */,
				8C19DC2023F895E0004F1380 /* Release */,
			);
			defaultConfigurationIsVisible = 0;
			defaultConfigurationName = Release;
		};
		8C19DC2123F895E0004F1380 /* Build configuration list for PBXNativeTarget "foodHub" */ = {
			isa = XCConfigurationList;
			buildConfigurations = (
				8C19DC2223F895E0004F1380 /* Debug */,
				8C19DC2323F895E0004F1380 /* Release */,
			);
			defaultConfigurationIsVisible = 0;
			defaultConfigurationName = Release;
		};
		8C19DC2423F895E0004F1380 /* Build configuration list for PBXNativeTarget "foodHubTests" */ = {
			isa = XCConfigurationList;
			buildConfigurations = (
				8C19DC2523F895E0004F1380 /* Debug */,
				8C19DC2623F895E0004F1380 /* Release */,
			);
			defaultConfigurationIsVisible = 0;
			defaultConfigurationName = Release;
		};
		8C19DC2723F895E0004F1380 /* Build configuration list for PBXNativeTarget "foodHubUITests" */ = {
			isa = XCConfigurationList;
			buildConfigurations = (
				8C19DC2823F895E0004F1380 /* Debug */,
				8C19DC2923F895E0004F1380 /* Release */,
			);
			defaultConfigurationIsVisible = 0;
			defaultConfigurationName = Release;
		};
/* End XCConfigurationList section */
	};
	rootObject = 8C19DBEF23F895DC004F1380 /* Project object */;
}
